
Microsoft Visual Studio Solution File, Format Version 12.00
# Visual Studio Version 17
VisualStudioVersion = 17.5.33414.496
MinimumVisualStudioVersion = 10.0.40219.1
Project("{FAE04EC0-301F-11D3-BF4B-00C04F79EFBC}") = "SFmodule25", "SFmodule25\SFmodule25.csproj", "{97A920A1-5481-4CDE-A647-B78EDC017BBD}"
EndProject
Global
	GlobalSection(SolutionConfigurationPlatforms) = preSolution
		Debug|Any CPU = Debug|Any CPU
		Release|Any CPU = Release|Any CPU
	EndGlobalSection
	GlobalSection(ProjectConfigurationPlatforms) = postSolution
		{97A920A1-5481-4CDE-A647-B78EDC017BBD}.Debug|Any CPU.ActiveCfg = Debug|Any CPU
		{97A920A1-5481-4CDE-A647-B78EDC017BBD}.Debug|Any CPU.Build.0 = Debug|Any CPU
		{97A920A1-5481-4CDE-A647-B78EDC017BBD}.Release|Any CPU.ActiveCfg = Release|Any CPU
		{97A920A1-5481-4CDE-A647-B78EDC017BBD}.Release|Any CPU.Build.0 = Release|Any CPU
	EndGlobalSection
	GlobalSection(SolutionProperties) = preSolution
		HideSolutionNode = FALSE
	EndGlobalSection
	GlobalSection(ExtensibilityGlobals) = postSolution
		SolutionGuid = {DF541278-58C0-40DE-B1AC-7693B2FD50C5}
	EndGlobalSection
EndGlobal
